
Microsoft Visual Studio Solution File, Format Version 12.00
# Visual Studio Version 17
VisualStudioVersion = 17.14.36811.4 d17.14
MinimumVisualStudioVersion = 10.0.40219.1
Project("{FAE04EC0-301F-11D3-BF4B-00C04F79EFBC}") = "windexter-cli", "windexter-cli.csproj", "{589DB4DB-2F4D-442D-ACF2-C1C79394ED20}"
EndProject
Global
	GlobalSection(SolutionConfigurationPlatforms) = preSolution
		Debug|Any CPU = Debug|Any CPU
		Release|Any CPU = Release|Any CPU
	EndGlobalSection
	GlobalSection(ProjectConfigurationPlatforms) = postSolution
		{589DB4DB-2F4D-442D-ACF2-C1C79394ED20}.Debug|Any CPU.ActiveCfg = Debug|Any CPU
		{589DB4DB-2F4D-442D-ACF2-C1C79394ED20}.Debug|Any CPU.Build.0 = Debug|Any CPU
		{589DB4DB-2F4D-442D-ACF2-C1C79394ED20}.Release|Any CPU.ActiveCfg = Release|Any CPU
		{589DB4DB-2F4D-442D-ACF2-C1C79394ED20}.Release|Any CPU.Build.0 = Release|Any CPU
	EndGlobalSection
	GlobalSection(SolutionProperties) = preSolution
		HideSolutionNode = FALSE
	EndGlobalSection
	GlobalSection(ExtensibilityGlobals) = postSolution
		SolutionGuid = {FDDDB9D5-30C0-41C6-A535-410D7BDE5737}
	EndGlobalSection
EndGlobal
